# @generated - this file is auto-generated by `mise lock` https://mise.en.dev/dev-tools/mise-lock.html

[[tools.python]]
version = "3.13.12"
backend = "core:python"

[tools.python."platforms.linux-arm64"]
checksum = "sha256:8abd16da242b56902a13ba1d6e3aaa0d6d19dfc71547f04e437f707fde179915"
url = "https://github.com/astral-sh/python-build-standalone/releases/download/20260324/cpython-3.13.12+20260324-aarch64-unknown-linux-gnu-install_only_stripped.tar.gz"
provenance = "github-attestations"

[tools.python."platforms.linux-arm64-musl"]
checksum = "sha256:b12458857fc2ebde36c35626e5e297dd6a9496dcaa36bd9ad4c45973e367d11d"
url = "https://github.com/astral-sh/python-build-standalone/releases/download/20260324/cpython-3.13.12+20260324-aarch64-unknown-linux-musl-install_only_stripped.tar.gz"
provenance = "github-attestations"

[tools.python."platforms.linux-x64"]
checksum = "sha256:91c8920a197c3f7c562612eb4537e18e0c52c1c918bb39912cbd0b1b3c154229"
url = "https://github.com/astral-sh/python-build-standalone/releases/download/20260324/cpython-3.13.12+20260324-x86_64-unknown-linux-gnu-install_only_stripped.tar.gz"
provenance = "github-attestations"

[tools.python."platforms.linux-x64-musl"]
checksum = "sha256:e50dfa03c06caf81d8708a708dd19fd2493d1eb5563314b83c81989ecbe9bfc6"
url = "https://github.com/astral-sh/python-build-standalone/releases/download/20260324/cpython-3.13.12+20260324-x86_64-unknown-linux-musl-install_only_stripped.tar.gz"
provenance = "github-attestations"

[tools.python."platforms.macos-arm64"]
checksum = "sha256:3de7059c87c0e7604e3e9397a547020c161f65c8d51d358e230d3a7d3a456aaa"
url = "https://github.com/astral-sh/python-build-standalone/releases/download/20260324/cpython-3.13.12+20260324-aarch64-apple-darwin-install_only_stripped.tar.gz"
provenance = "github-attestations"

[tools.python."platforms.macos-x64"]
checksum = "sha256:7fd6a6162ef82c9df74eb1c71dad042a05960869789915b1203d61f14d3dc629"
url = "https://github.com/astral-sh/python-build-standalone/releases/download/20260324/cpython-3.13.12+20260324-x86_64-apple-darwin-install_only_stripped.tar.gz"
provenance = "github-attestations"

[tools.python."platforms.windows-x64"]
checksum = "sha256:b11194bd12122df60e24b08a71a4e5aaa1d15c2cf436f7f4f57bbea4f9a80462"
url = "https://github.com/astral-sh/python-build-standalone/releases/download/20260324/cpython-3.13.12+20260324-x86_64-pc-windows-msvc-install_only_stripped.tar.gz"
provenance = "github-attestations"

[[tools.uv]]
version = "0.12.3"
backend = "aqua:astral-sh/uv"

[tools.uv."platforms.linux-arm64"]
checksum = "sha256:fa513fca1eb2913334c944fe9adbdd410274a1cbe8dd05d03699a9eb85311d4e"
url = "https://github.com/astral-sh/uv/releases/download/0.12.3/uv-aarch64-unknown-linux-musl.tar.gz"
provenance = "github-attestations"

[tools.uv."platforms.linux-arm64-musl"]
checksum = "sha256:fa513fca1eb2913334c944fe9adbdd410274a1cbe8dd05d03699a9eb85311d4e"
url = "https://github.com/astral-sh/uv/releases/download/0.12.3/uv-aarch64-unknown-linux-musl.tar.gz"
provenance = "github-attestations"

[tools.uv."platforms.linux-x64"]
checksum = "sha256:0643b9fb8c9fb27458e709ce6ff939695013c41975ff7b02d3f3b138d8d4bdb3"
url = "https://github.com/astral-sh/uv/releases/download/0.12.3/uv-x86_64-unknown-linux-musl.tar.gz"
provenance = "github-attestations"

[tools.uv."platforms.linux-x64-musl"]
checksum = "sha256:0643b9fb8c9fb27458e709ce6ff939695013c41975ff7b02d3f3b138d8d4bdb3"
url = "https://github.com/astral-sh/uv/releases/download/0.12.3/uv-x86_64-unknown-linux-musl.tar.gz"
provenance = "github-attestations"

[tools.uv."platforms.macos-arm64"]
checksum = "sha256:546f7f8a6c70ff13a3a9d2bc958db3427298cebf3e0cb756f9177133b7068843"
url = "https://github.com/astral-sh/uv/releases/download/0.12.3/uv-aarch64-apple-darwin.tar.gz"
provenance = "github-attestations"

[tools.uv."platforms.macos-x64"]
checksum = "sha256:4c9f52262a14da336e4a42ed24992d12d0c956acde87619e4611d321dffa602b"
url = "https://github.com/astral-sh/uv/releases/download/0.12.3/uv-x86_64-apple-darwin.tar.gz"
provenance = "github-attestations"

[tools.uv."platforms.windows-x64"]
checksum = "sha256:b23350c79e8ad0192b8124af13a0f17e8d4e4549524785e1aef389ae5a06990e"
url = "https://github.com/astral-sh/uv/releases/download/0.12.3/uv-x86_64-pc-windows-msvc.zip"
provenance = "github-attestations"
